// !$*UTF8*$!
{
	archiveVersion = 1;
	classes = {
	};
	objectVersion = 50;
	objects = {

/* Begin PBXBuildFile section */
		701178242B41E7C900743C3C /* FrameworkGridViewModel.swift in Sources */ = {isa = PBXBuildFile; fileRef = 701178232B41E7C900743C3C /* FrameworkGridViewModel.swift */; };
		702E8F702B3087F600E7E28C /* FrameworkDetailView.swift in Sources */ = {isa = PBXBuildFile; fileRef = 702E8F6F2B3087F600E7E28C /* FrameworkDetailView.swift */; };
		702EA8AD2B17A56E00D28696 /* Apple_Frameworks_AppApp.swift in Sources */ = {isa = PBXBuildFile; fileRef = 702EA8AC2B17A56E00D28696 /* Apple_Frameworks_AppApp.swift */; };
		702EA8B12B17A57100D28696 /* Assets.xcassets in Resources */ = {isa = PBXBuildFile; fileRef = 702EA8B02B17A57100D28696 /* Assets.xcassets */; };
		702EA8B42B17A57100D28696 /* Preview Assets.xcassets in Resources */ = {isa = PBXBuildFile; fileRef = 702EA8B32B17A57100D28696 /* Preview Assets.xcassets */; };
		7042C20B2B1E0A3500A9F3E4 /* FrameworkGridView.swift in Sources */ = {isa = PBXBuildFile; fileRef = 7042C20A2B1E0A3500A9F3E4 /* FrameworkGridView.swift */; };
		70A428522B33122300883F65 /* AFButton.swift in Sources */ = {isa = PBXBuildFile; fileRef = 70A428512B33122300883F65 /* AFButton.swift */; };
		70B5A1812B458980003AA1E1 /* SafariView.swift in Sources */ = {isa = PBXBuildFile; fileRef = 70B5A1802B458980003AA1E1 /* SafariView.swift */; };
		70B663D82B46C98500E7DAF8 /* FrameworkTitleView.swift in Sources */ = {isa = PBXBuildFile; fileRef = 70B663D72B46C98400E7DAF8 /* FrameworkTitleView.swift */; };
		70B663DC2B46CB2D00E7DAF8 /* XDismissButton.swift in Sources */ = {isa = PBXBuildFile; fileRef = 70B663DB2B46CB2D00E7DAF8 /* XDismissButton.swift */; };
		70EFE5AB2B18D3620073946D /* Framework.swift in Sources */ = {isa = PBXBuildFile; fileRef = 70EFE5AA2B18D3620073946D /* Framework.swift */; };
/* End PBXBuildFile section */

/* Begin PBXFileReference section */
		701178232B41E7C900743C3C /* FrameworkGridViewModel.swift */ = {isa = PBXFileReference; lastKnownFileType = sourcecode.swift; path = FrameworkGridViewModel.swift; sourceTree = "<group>"; };
		702E8F6F2B3087F600E7E28C /* FrameworkDetailView.swift */ = {isa = PBXFileReference; lastKnownFileType = sourcecode.swift; path = FrameworkDetailView.swift; sourceTree = "<group>"; };
		702EA8A92B17A56E00D28696 /* Apple-Frameworks-App.app */ = {isa = PBXFileReference; explicitFileType = wrapper.application; includeInIndex = 0; path = "Apple-Frameworks-App.app"; sourceTree = BUILT_PRODUCTS_DIR; };
		702EA8AC2B17A56E00D28696 /* Apple_Frameworks_AppApp.swift */ = {isa = PBXFileReference; lastKnownFileType = sourcecode.swift; path = Apple_Frameworks_AppApp.swift; sourceTree = "<group>"; };
		702EA8B02B17A57100D28696 /* Assets.xcassets */ = {isa = PBXFileReference; lastKnownFileType = folder.assetcatalog; path = Assets.xcassets; sourceTree = "<group>"; };
		702EA8B32B17A57100D28696 /* Preview Assets.xcassets */ = {isa = PBXFileReference; lastKnownFileType = folder.assetcatalog; path = "Preview Assets.xcassets"; sourceTree = "<group>"; };
		702EA8B52B17A57100D28696 /* Info.plist */ = {isa = PBXFileReference; lastKnownFileType = text.plist.xml; path = Info.plist; sourceTree = "<group>"; };
		7042C20A2B1E0A3500A9F3E4 /* FrameworkGridView.swift */ = {isa = PBXFileReference; lastKnownFileType = sourcecode.swift; path = FrameworkGridView.swift; sourceTree = "<group>"; };
		70A428512B33122300883F65 /* AFButton.swift */ = {isa = PBXFileReference; lastKnownFileType = sourcecode.swift; path = AFButton.swift; sourceTree = "<group>"; };
		70B5A1802B458980003AA1E1 /* SafariView.swift */ = {isa = PBXFileReference; lastKnownFileType = sourcecode.swift; path = SafariView.swift; sourceTree = "<group>"; };
		70B663D72B46C98400E7DAF8 /* FrameworkTitleView.swift */ = {isa = PBXFileReference; lastKnownFileType = sourcecode.swift; path = FrameworkTitleView.swift; sourceTree = "<group>"; };
		70B663DB2B46CB2D00E7DAF8 /* XDismissButton.swift */ = {isa = PBXFileReference; lastKnownFileType = sourcecode.swift; path = XDismissButton.swift; sourceTree = "<group>"; };
		70EFE5AA2B18D3620073946D /* Framework.swift */ = {isa = PBXFileReference; lastKnownFileType = sourcecode.swift; path = Framework.swift; sourceTree = "<group>"; };
/* End PBXFileReference section */

/* Begin PBXFrameworksBuildPhase section */
		702EA8A62B17A56E00D28696 /* Frameworks */ = {
			isa = PBXFrameworksBuildPhase;
			buildActionMask = 2147483647;
			files = (
			);
			runOnlyForDeploymentPostprocessing = 0;
		};
/* End PBXFrameworksBuildPhase section */

/* Begin PBXGroup section */
		702EA8A02B17A56D00D28696 = {
			isa = PBXGroup;
			children = (
				702EA8AB2B17A56E00D28696 /* Apple-Frameworks-App */,
				702EA8AA2B17A56E00D28696 /* Products */,
			);
			sourceTree = "<group>";
		};
		702EA8AA2B17A56E00D28696 /* Products */ = {
			isa = PBXGroup;
			children = (
				702EA8A92B17A56E00D28696 /* Apple-Frameworks-App.app */,
			);
			name = Products;
			sourceTree = "<group>";
		};
		702EA8AB2B17A56E00D28696 /* Apple-Frameworks-App */ = {
			isa = PBXGroup;
			children = (
				70B663E62B46CE7400E7DAF8 /* UIKit Components */,
				70B663E32B46CE3E00E7DAF8 /* Views */,
				70B663E12B46CE2100E7DAF8 /* Model */,
				70B663DE2B46CCA600E7DAF8 /* Screens */,
				702EA8AC2B17A56E00D28696 /* Apple_Frameworks_AppApp.swift */,
				702EA8B02B17A57100D28696 /* Assets.xcassets */,
				702EA8B52B17A57100D28696 /* Info.plist */,
				702EA8B22B17A57100D28696 /* Preview Content */,
			);
			path = "Apple-Frameworks-App";
			sourceTree = "<group>";
		};
		702EA8B22B17A57100D28696 /* Preview Content */ = {
			isa = PBXGroup;
			children = (
				702EA8B32B17A57100D28696 /* Preview Assets.xcassets */,
			);
			path = "Preview Content";
			sourceTree = "<group>";
		};
		70B663DE2B46CCA600E7DAF8 /* Screens */ = {
			isa = PBXGroup;
			children = (
				70B663E02B46CDE100E7DAF8 /* FrameworkDetailView */,
				70B663DF2B46CCB800E7DAF8 /* FrameworkGridView */,
			);
			path = Screens;
			sourceTree = "<group>";
		};
		70B663DF2B46CCB800E7DAF8 /* FrameworkGridView */ = {
			isa = PBXGroup;
			children = (
				7042C20A2B1E0A3500A9F3E4 /* FrameworkGridView.swift */,
				701178232B41E7C900743C3C /* FrameworkGridViewModel.swift */,
			);
			path = FrameworkGridView;
			sourceTree = "<group>";
		};
		70B663E02B46CDE100E7DAF8 /* FrameworkDetailView */ = {
			isa = PBXGroup;
			children = (
				702E8F6F2B3087F600E7E28C /* FrameworkDetailView.swift */,
			);
			path = FrameworkDetailView;
			sourceTree = "<group>";
		};
		70B663E12B46CE2100E7DAF8 /* Model */ = {
			isa = PBXGroup;
			children = (
				70EFE5AA2B18D3620073946D /* Framework.swift */,
			);
			path = Model;
			sourceTree = "<group>";
		};
		70B663E32B46CE3E00E7DAF8 /* Views */ = {
			isa = PBXGroup;
			children = (
				70B663E52B46CE5600E7DAF8 /* View */,
				70B663E42B46CE4A00E7DAF8 /* Buttons */,
			);
			path = Views;
			sourceTree = "<group>";
		};
		70B663E42B46CE4A00E7DAF8 /* Buttons */ = {
			isa = PBXGroup;
			children = (
				70A428512B33122300883F65 /* AFButton.swift */,
				70B663DB2B46CB2D00E7DAF8 /* XDismissButton.swift */,
			);
			path = Buttons;
			sourceTree = "<group>";
		};
		70B663E52B46CE5600E7DAF8 /* View */ = {
			isa = PBXGroup;
			children = (
				70B663D72B46C98400E7DAF8 /* FrameworkTitleView.swift */,
			);
			path = View;
			sourceTree = "<group>";
		};
		70B663E62B46CE7400E7DAF8 /* UIKit Components */ = {
			isa = PBXGroup;
			children = (
				70B5A1802B458980003AA1E1 /* SafariView.swift */,
			);
			path = "UIKit Components";
			sourceTree = "<group>";
		};
/* End PBXGroup section */

/* Begin PBXNativeTarget section */
		702EA8A82B17A56E00D28696 /* Apple-Frameworks-App */ = {
			isa = PBXNativeTarget;
			buildConfigurationList = 702EA8B82B17A57100D28696 /* Build configuration list for PBXNativeTarget "Apple-Frameworks-App" */;
			buildPhases = (
				702EA8A52B17A56E00D28696 /* Sources */,
				702EA8A62B17A56E00D28696 /* Frameworks */,
				702EA8A72B17A56E00D28696 /* Resources */,
			);
			buildRules = (
			);
			dependencies = (
			);
			name = "Apple-Frameworks-App";
			productName = "Apple-Frameworks-App";
			productReference = 702EA8A92B17A56E00D28696 /* Apple-Frameworks-App.app */;
			productType = "com.apple.product-type.application";
		};
/* End PBXNativeTarget section */

/* Begin PBXProject section */
		702EA8A12B17A56D00D28696 /* Project object */ = {
			isa = PBXProject;
			attributes = {
				LastSwiftUpdateCheck = 1240;
				LastUpgradeCheck = 1240;
				TargetAttributes = {
					702EA8A82B17A56E00D28696 = {
						CreatedOnToolsVersion = 12.4;
					};
				};
			};
			buildConfigurationList = 702EA8A42B17A56D00D28696 /* Build configuration list for PBXProject "Apple-Frameworks-App" */;
			compatibilityVersion = "Xcode 9.3";
			developmentRegion = en;
			hasScannedForEncodings = 0;
			knownRegions = (
				en,
				Base,
			);
			mainGroup = 702EA8A02B17A56D00D28696;
			productRefGroup = 702EA8AA2B17A56E00D28696 /* Products */;
			projectDirPath = "";
			projectRoot = "";
			targets = (
				702EA8A82B17A56E00D28696 /* Apple-Frameworks-App */,
			);
		};
/* End PBXProject section */

/* Begin PBXResourcesBuildPhase section */
		702EA8A72B17A56E00D28696 /* Resources */ = {
			isa = PBXResourcesBuildPhase;
			buildActionMask = 2147483647;
			files = (
				702EA8B42B17A57100D28696 /* Preview Assets.xcassets in Resources */,
				702EA8B12B17A57100D28696 /* Assets.xcassets in Resources */,
			);
			runOnlyForDeploymentPostprocessing = 0;
		};
/* End PBXResourcesBuildPhase section */

/* Begin PBXSourcesBuildPhase section */
		702EA8A52B17A56E00D28696 /* Sources */ = {
			isa = PBXSourcesBuildPhase;
			buildActionMask = 2147483647;
			files = (
				702E8F702B3087F600E7E28C /* FrameworkDetailView.swift in Sources */,
				7042C20B2B1E0A3500A9F3E4 /* FrameworkGridView.swift in Sources */,
				70B663DC2B46CB2D00E7DAF8 /* XDismissButton.swift in Sources */,
				70EFE5AB2B18D3620073946D /* Framework.swift in Sources */,
				70A428522B33122300883F65 /* AFButton.swift in Sources */,
				702EA8AD2B17A56E00D28696 /* Apple_Frameworks_AppApp.swift in Sources */,
				701178242B41E7C900743C3C /* FrameworkGridViewModel.swift in Sources */,
				70B663D82B46C98500E7DAF8 /* FrameworkTitleView.swift in Sources */,
				70B5A1812B458980003AA1E1 /* SafariView.swift in Sources */,
			);
			runOnlyForDeploymentPostprocessing = 0;
		};
/* End PBXSourcesBuildPhase section */

/* Begin XCBuildConfiguration section */
		702EA8B62B17A57100D28696 /* Debug */ = {
			isa = XCBuildConfiguration;
			buildSettings = {
				ALWAYS_SEARCH_USER_PATHS = NO;
				CLANG_ANALYZER_NONNULL = YES;
				CLANG_ANALYZER_NUMBER_OBJECT_CONVERSION = YES_AGGRESSIVE;
				CLANG_CXX_LANGUAGE_STANDARD = "gnu++14";
				CLANG_CXX_LIBRARY = "libc++";
				CLANG_ENABLE_MODULES = YES;
				CLANG_ENABLE_OBJC_ARC = YES;
				CLANG_ENABLE_OBJC_WEAK = YES;
				CLANG_WARN_BLOCK_CAPTURE_AUTORELEASING = YES;
				CLANG_WARN_BOOL_CONVERSION = YES;
				CLANG_WARN_COMMA = YES;
				CLANG_WARN_CONSTANT_CONVERSION = YES;
				CLANG_WARN_DEPRECATED_OBJC_IMPLEMENTATIONS = YES;
				CLANG_WARN_DIRECT_OBJC_ISA_USAGE = YES_ERROR;
				CLANG_WARN_DOCUMENTATION_COMMENTS = YES;
				CLANG_WARN_EMPTY_BODY = YES;
				CLANG_WARN_ENUM_CONVERSION = YES;
				CLANG_WARN_INFINITE_RECURSION = YES;
				CLANG_WARN_INT_CONVERSION = YES;
				CLANG_WARN_NON_LITERAL_NULL_CONVERSION = YES;
				CLANG_WARN_OBJC_IMPLICIT_RETAIN_SELF = YES;
				CLANG_WARN_OBJC_LITERAL_CONVERSION = YES;
				CLANG_WARN_OBJC_ROOT_CLASS = YES_ERROR;
				CLANG_WARN_QUOTED_INCLUDE_IN_FRAMEWORK_HEADER = YES;
				CLANG_WARN_RANGE_LOOP_ANALYSIS = YES;
				CLANG_WARN_STRICT_PROTOTYPES = YES;
				CLANG_WARN_SUSPICIOUS_MOVE = YES;
				CLANG_WARN_UNGUARDED_AVAILABILITY = YES_AGGRESSIVE;
				CLANG_WARN_UNREACHABLE_CODE = YES;
				CLANG_WARN__DUPLICATE_METHOD_MATCH = YES;
				COPY_PHASE_STRIP = NO;
				DEBUG_INFORMATION_FORMAT = dwarf;
				ENABLE_STRICT_OBJC_MSGSEND = YES;
				ENABLE_TESTABILITY = YES;
				GCC_C_LANGUAGE_STANDARD = gnu11;
				GCC_DYNAMIC_NO_PIC = NO;
				GCC_NO_COMMON_BLOCKS = YES;
				GCC_OPTIMIZATION_LEVEL = 0;
				GCC_PREPROCESSOR_DEFINITIONS = (
					"DEBUG=1",
					"$(inherited)",
				);
				GCC_WARN_64_TO_32_BIT_CONVERSION = YES;
				GCC_WARN_ABOUT_RETURN_TYPE = YES_ERROR;
				GCC_WARN_UNDECLARED_SELECTOR = YES;
				GCC_WARN_UNINITIALIZED_AUTOS = YES_AGGRESSIVE;
				GCC_WARN_UNUSED_FUNCTION = YES;
				GCC_WARN_UNUSED_VARIABLE = YES;
				IPHONEOS_DEPLOYMENT_TARGET = 14.4;
				MTL_ENABLE_DEBUG_INFO = INCLUDE_SOURCE;
				MTL_FAST_MATH = YES;
				ONLY_ACTIVE_ARCH = YES;
				SDKROOT = iphoneos;
				SWIFT_ACTIVE_COMPILATION_CONDITIONS = DEBUG;
				SWIFT_OPTIMIZATION_LEVEL = "-Onone";
			};
			name = Debug;
		};
		702EA8B72B17A57100D28696 /* Release */ = {
			isa = XCBuildConfiguration;
			buildSettings = {
				ALWAYS_SEARCH_USER_PATHS = NO;
				CLANG_ANALYZER_NONNULL = YES;
				CLANG_ANALYZER_NUMBER_OBJECT_CONVERSION = YES_AGGRESSIVE;
				CLANG_CXX_LANGUAGE_STANDARD = "gnu++14";
				CLANG_CXX_LIBRARY = "libc++";
				CLANG_ENABLE_MODULES = YES;
				CLANG_ENABLE_OBJC_ARC = YES;
				CLANG_ENABLE_OBJC_WEAK = YES;
				CLANG_WARN_BLOCK_CAPTURE_AUTORELEASING = YES;
				CLANG_WARN_BOOL_CONVERSION = YES;
				CLANG_WARN_COMMA = YES;
				CLANG_WARN_CONSTANT_CONVERSION = YES;
				CLANG_WARN_DEPRECATED_OBJC_IMPLEMENTATIONS = YES;
				CLANG_WARN_DIRECT_OBJC_ISA_USAGE = YES_ERROR;
				CLANG_WARN_DOCUMENTATION_COMMENTS = YES;
				CLANG_WARN_EMPTY_BODY = YES;
				CLANG_WARN_ENUM_CONVERSION = YES;
				CLANG_WARN_INFINITE_RECURSION = YES;
				CLANG_WARN_INT_CONVERSION = YES;
				CLANG_WARN_NON_LITERAL_NULL_CONVERSION = YES;
				CLANG_WARN_OBJC_IMPLICIT_RETAIN_SELF = YES;
				CLANG_WARN_OBJC_LITERAL_CONVERSION = YES;
				CLANG_WARN_OBJC_ROOT_CLASS = YES_ERROR;
				CLANG_WARN_QUOTED_INCLUDE_IN_FRAMEWORK_HEADER = YES;
				CLANG_WARN_RANGE_LOOP_ANALYSIS = YES;
				CLANG_WARN_STRICT_PROTOTYPES = YES;
				CLANG_WARN_SUSPICIOUS_MOVE = YES;
				CLANG_WARN_UNGUARDED_AVAILABILITY = YES_AGGRESSIVE;
				CLANG_WARN_UNREACHABLE_CODE = YES;
				CLANG_WARN__DUPLICATE_METHOD_MATCH = YES;
				COPY_PHASE_STRIP = NO;
				DEBUG_INFORMATION_FORMAT = "dwarf-with-dsym";
				ENABLE_NS_ASSERTIONS = NO;
				ENABLE_STRICT_OBJC_MSGSEND = YES;
				GCC_C_LANGUAGE_STANDARD = gnu11;
				GCC_NO_COMMON_BLOCKS = YES;
				GCC_WARN_64_TO_32_BIT_CONVERSION = YES;
				GCC_WARN_ABOUT_RETURN_TYPE = YES_ERROR;
				GCC_WARN_UNDECLARED_SELECTOR = YES;
				GCC_WARN_UNINITIALIZED_AUTOS = YES_AGGRESSIVE;
				GCC_WARN_UNUSED_FUNCTION = YES;
				GCC_WARN_UNUSED_VARIABLE = YES;
				IPHONEOS_DEPLOYMENT_TARGET = 14.4;
				MTL_ENABLE_DEBUG_INFO = NO;
				MTL_FAST_MATH = YES;
				SDKROOT = iphoneos;
				SWIFT_COMPILATION_MODE = wholemodule;
				SWIFT_OPTIMIZATION_LEVEL = "-O";
				VALIDATE_PRODUCT = YES;
			};
			name = Release;
		};
		702EA8B92B17A57100D28696 /* Debug */ = {
			isa = XCBuildConfiguration;
			buildSettings = {
				ASSETCATALOG_COMPILER_APPICON_NAME = AppIcon;
				ASSETCATALOG_COMPILER_GLOBAL_ACCENT_COLOR_NAME = AccentColor;
				CODE_SIGN_STYLE = Automatic;
				DEVELOPMENT_ASSET_PATHS = "\"Apple-Frameworks-App/Preview Content\"";
				DEVELOPMENT_TEAM = DWX4D3UZJG;
				ENABLE_PREVIEWS = YES;
				INFOPLIST_FILE = "Apple-Frameworks-App/Info.plist";
				IPHONEOS_DEPLOYMENT_TARGET = 14.0;
				LD_RUNPATH_SEARCH_PATHS = (
					"$(inherited)",
					"@executable_path/Frameworks",
				);
				PRODUCT_BUNDLE_IDENTIFIER = "com.jonathanperes.Apple-Frameworks-App";
				PRODUCT_NAME = "$(TARGET_NAME)";
				SWIFT_VERSION = 5.0;
				TARGETED_DEVICE_FAMILY = "1,2";
			};
			name = Debug;
		};
		702EA8BA2B17A57100D28696 /* Release */ = {
			isa = XCBuildConfiguration;
			buildSettings = {
				ASSETCATALOG_COMPILER_APPICON_NAME = AppIcon;
				ASSETCATALOG_COMPILER_GLOBAL_ACCENT_COLOR_NAME = AccentColor;
				CODE_SIGN_STYLE = Automatic;
				DEVELOPMENT_ASSET_PATHS = "\"Apple-Frameworks-App/Preview Content\"";
				DEVELOPMENT_TEAM = DWX4D3UZJG;
				ENABLE_PREVIEWS = YES;
				INFOPLIST_FILE = "Apple-Frameworks-App/Info.plist";
				IPHONEOS_DEPLOYMENT_TARGET = 14.0;
				LD_RUNPATH_SEARCH_PATHS = (
					"$(inherited)",
					"@executable_path/Frameworks",
				);
				PRODUCT_BUNDLE_IDENTIFIER = "com.jonathanperes.Apple-Frameworks-App";
				PRODUCT_NAME = "$(TARGET_NAME)";
				SWIFT_VERSION = 5.0;
				TARGETED_DEVICE_FAMILY = "1,2";
			};
			name = Release;
		};
/* End XCBuildConfiguration section */

/* Begin XCConfigurationList section */
		702EA8A42B17A56D00D28696 /* Build configuration list for PBXProject "Apple-Frameworks-App" */ = {
			isa = XCConfigurationList;
			buildConfigurations = (
				702EA8B62B17A57100D28696 /* Debug */,
				702EA8B72B17A57100D28696 /* Release */,
			);
			defaultConfigurationIsVisible = 0;
			defaultConfigurationName = Release;
		};
		702EA8B82B17A57100D28696 /* Build configuration list for PBXNativeTarget "Apple-Frameworks-App" */ = {
			isa = XCConfigurationList;
			buildConfigurations = (
				702EA8B92B17A57100D28696 /* Debug */,
				702EA8BA2B17A57100D28696 /* Release */,
			);
			defaultConfigurationIsVisible = 0;
			defaultConfigurationName = Release;
		};
/* End XCConfigurationList section */
	};
	rootObject = 702EA8A12B17A56D00D28696 /* Project object */;
}
